
Microsoft Visual Studio Solution File, Format Version 12.00
# Visual Studio Version 16
VisualStudioVersion = 16.0.30523.141
MinimumVisualStudioVersion = 10.0.40219.1
Project("{FAE04EC0-301F-11D3-BF4B-00C04F79EFBC}") = "SAICVolkswagenVehicleManagementUI", "SAICVolkswagenVehicleManagementUI\SAICVolkswagenVehicleManagementUI.csproj", "{70E32C75-9749-478B-B949-076608CA7A58}"
EndProject
Project("{FAE04EC0-301F-11D3-BF4B-00C04F79EFBC}") = "SAICVolkswagenVehicleManagement_Model", "SAICVolkswagenVehicleManagement_Model\SAICVolkswagenVehicleManagement_Model.csproj", "{EDB82130-6EBA-411C-B0D6-1CEE9E843089}"
EndProject
Project("{FAE04EC0-301F-11D3-BF4B-00C04F79EFBC}") = "SAICVolkswagenVehicleManagement_Common", "SAICVolkswagenVehicleManagement_Common\SAICVolkswagenVehicleManagement_Common.csproj", "{8F2C74E2-9E5D-4F4D-A183-034259505C97}"
EndProject
Global
	GlobalSection(SolutionConfigurationPlatforms) = preSolution
		Debug|Any CPU = Debug|Any CPU
		Release|Any CPU = Release|Any CPU
	EndGlobalSection
	GlobalSection(ProjectConfigurationPlatforms) = postSolution
		{70E32C75-9749-478B-B949-076608CA7A58}.Debug|Any CPU.ActiveCfg = Debug|Any CPU
		{70E32C75-9749-478B-B949-076608CA7A58}.Debug|Any CPU.Build.0 = Debug|Any CPU
		{70E32C75-9749-478B-B949-076608CA7A58}.Release|Any CPU.ActiveCfg = Release|Any CPU
		{70E32C75-9749-478B-B949-076608CA7A58}.Release|Any CPU.Build.0 = Release|Any CPU
		{EDB82130-6EBA-411C-B0D6-1CEE9E843089}.Debug|Any CPU.ActiveCfg = Debug|Any CPU
		{EDB82130-6EBA-411C-B0D6-1CEE9E843089}.Debug|Any CPU.Build.0 = Debug|Any CPU
		{EDB82130-6EBA-411C-B0D6-1CEE9E843089}.Release|Any CPU.ActiveCfg = Release|Any CPU
		{EDB82130-6EBA-411C-B0D6-1CEE9E843089}.Release|Any CPU.Build.0 = Release|Any CPU
		{8F2C74E2-9E5D-4F4D-A183-034259505C97}.Debug|Any CPU.ActiveCfg = Debug|Any CPU
		{8F2C74E2-9E5D-4F4D-A183-034259505C97}.Debug|Any CPU.Build.0 = Debug|Any CPU
		{8F2C74E2-9E5D-4F4D-A183-034259505C97}.Release|Any CPU.ActiveCfg = Release|Any CPU
		{8F2C74E2-9E5D-4F4D-A183-034259505C97}.Release|Any CPU.Build.0 = Release|Any CPU
	EndGlobalSection
	GlobalSection(SolutionProperties) = preSolution
		HideSolutionNode = FALSE
	EndGlobalSection
	GlobalSection(ExtensibilityGlobals) = postSolution
		SolutionGuid = {B0BD48C9-4DB0-4480-9A65-620CF0B168FA}
	EndGlobalSection
EndGlobal
